// !$*UTF8*$!
{
	archiveVersion = 1;
	classes = {
	};
	objectVersion = 46;
	objects = {

/* Begin PBXBuildFile section */
		A9135DD51543914800005D10 /* UIKit.framework in Frameworks */ = {isa = PBXBuildFile; fileRef = A9135DD41543914800005D10 /* UIKit.framework */; };
		A9135DD71543914800005D10 /* Foundation.framework in Frameworks */ = {isa = PBXBuildFile; fileRef = A9135DD61543914800005D10 /* Foundation.framework */; };
		A9135DD91543914800005D10 /* CoreGraphics.framework in Frameworks */ = {isa = PBXBuildFile; fileRef = A9135DD81543914800005D10 /* CoreGraphics.framework */; };
		A9135DDF1543914800005D10 /* InfoPlist.strings in Resources */ = {isa = PBXBuildFile; fileRef = A9135DDD1543914800005D10 /* InfoPlist.strings */; };
		A9135DE11543914800005D10 /* main.m in Sources */ = {isa = PBXBuildFile; fileRef = A9135DE01543914800005D10 /* main.m */; };
		A9135DE51543914800005D10 /* AppDelegate.m in Sources */ = {isa = PBXBuildFile; fileRef = A9135DE41543914800005D10 /* AppDelegate.m */; };
		A9135DE81543914800005D10 /* ViewController.m in Sources */ = {isa = PBXBuildFile; fileRef = A9135DE71543914800005D10 /* ViewController.m */; };
		A9135DEB1543914800005D10 /* ViewController.xib in Resources */ = {isa = PBXBuildFile; fileRef = A9135DE91543914800005D10 /* ViewController.xib */; };
		A9135DF61543916200005D10 /* AttributedTextView.m in Sources */ = {isa = PBXBuildFile; fileRef = A9135DF21543916200005D10 /* AttributedTextView.m */; };
		A9135DF71543916200005D10 /* HighlightingTextView.m in Sources */ = {isa = PBXBuildFile; fileRef = A9135DF41543916200005D10 /* HighlightingTextView.m */; };
		A9135DFA154391F900005D10 /* LuaSyntaxHighligther.m in Sources */ = {isa = PBXBuildFile; fileRef = A9135DF9154391F900005D10 /* LuaSyntaxHighligther.m */; };
		A9135DFC1543949A00005D10 /* CoreText.framework in Frameworks */ = {isa = PBXBuildFile; fileRef = A9135DFB1543949A00005D10 /* CoreText.framework */; };
/* End PBXBuildFile section */

/* Begin PBXFileReference section */
		A9135DD01543914800005D10 /* SyntaxHighlightingDemo.app */ = {isa = PBXFileReference; explicitFileType = wrapper.application; includeInIndex = 0; path = SyntaxHighlightingDemo.app; sourceTree = BUILT_PRODUCTS_DIR; };
		A9135DD41543914800005D10 /* UIKit.framework */ = {isa = PBXFileReference; lastKnownFileType = wrapper.framework; name = UIKit.framework; path = System/Library/Frameworks/UIKit.framework; sourceTree = SDKROOT; };
		A9135DD61543914800005D10 /* Foundation.framework */ = {isa = PBXFileReference; lastKnownFileType = wrapper.framework; name = Foundation.framework; path = System/Library/Frameworks/Foundation.framework; sourceTree = SDKROOT; };
		A9135DD81543914800005D10 /* CoreGraphics.framework */ = {isa = PBXFileReference; lastKnownFileType = wrapper.framework; name = CoreGraphics.framework; path = System/Library/Frameworks/CoreGraphics.framework; sourceTree = SDKROOT; };
		A9135DDC1543914800005D10 /* SyntaxHighlightingDemo-Info.plist */ = {isa = PBXFileReference; lastKnownFileType = text.plist.xml; path = "SyntaxHighlightingDemo-Info.plist"; sourceTree = "<group>"; };
		A9135DDE1543914800005D10 /* en */ = {isa = PBXFileReference; lastKnownFileType = text.plist.strings; name = en; path = en.lproj/InfoPlist.strings; sourceTree = "<group>"; };
		A9135DE01543914800005D10 /* main.m */ = {isa = PBXFileReference; lastKnownFileType = sourcecode.c.objc; path = main.m; sourceTree = "<group>"; };
		A9135DE21543914800005D10 /* SyntaxHighlightingDemo-Prefix.pch */ = {isa = PBXFileReference; lastKnownFileType = sourcecode.c.h; path = "SyntaxHighlightingDemo-Prefix.pch"; sourceTree = "<group>"; };
		A9135DE31543914800005D10 /* AppDelegate.h */ = {isa = PBXFileReference; lastKnownFileType = sourcecode.c.h; path = AppDelegate.h; sourceTree = "<group>"; };
		A9135DE41543914800005D10 /* AppDelegate.m */ = {isa = PBXFileReference; lastKnownFileType = sourcecode.c.objc; path = AppDelegate.m; sourceTree = "<group>"; };
		A9135DE61543914800005D10 /* ViewController.h */ = {isa = PBXFileReference; lastKnownFileType = sourcecode.c.h; path = ViewController.h; sourceTree = "<group>"; };
		A9135DE71543914800005D10 /* ViewController.m */ = {isa = PBXFileReference; lastKnownFileType = sourcecode.c.objc; path = ViewController.m; sourceTree = "<group>"; };
		A9135DEA1543914800005D10 /* en */ = {isa = PBXFileReference; lastKnownFileType = file.xib; name = en; path = en.lproj/ViewController.xib; sourceTree = "<group>"; };
		A9135DF11543916200005D10 /* AttributedTextView.h */ = {isa = PBXFileReference; fileEncoding = 4; lastKnownFileType = sourcecode.c.h; name = AttributedTextView.h; path = ../ObjC/AttributedTextView.h; sourceTree = "<group>"; };
		A9135DF21543916200005D10 /* AttributedTextView.m */ = {isa = PBXFileReference; fileEncoding = 4; lastKnownFileType = sourcecode.c.objc; name = AttributedTextView.m; path = ../ObjC/AttributedTextView.m; sourceTree = "<group>"; };
		A9135DF31543916200005D10 /* HighlightingTextView.h */ = {isa = PBXFileReference; fileEncoding = 4; lastKnownFileType = sourcecode.c.h; name = HighlightingTextView.h; path = ../ObjC/HighlightingTextView.h; sourceTree = "<group>"; };
		A9135DF41543916200005D10 /* HighlightingTextView.m */ = {isa = PBXFileReference; fileEncoding = 4; lastKnownFileType = sourcecode.c.objc; name = HighlightingTextView.m; path = ../ObjC/HighlightingTextView.m; sourceTree = "<group>"; };
		A9135DF51543916200005D10 /* SyntaxHighlighter.h */ = {isa = PBXFileReference; fileEncoding = 4; lastKnownFileType = sourcecode.c.h; name = SyntaxHighlighter.h; path = ../ObjC/SyntaxHighlighter.h; sourceTree = "<group>"; };
		A9135DF8154391F900005D10 /* LuaSyntaxHighligther.h */ = {isa = PBXFileReference; fileEncoding = 4; lastKnownFileType = sourcecode.c.h; path = LuaSyntaxHighligther.h; sourceTree = "<group>"; };
		A9135DF9154391F900005D10 /* LuaSyntaxHighligther.m */ = {isa = PBXFileReference; fileEncoding = 4; lastKnownFileType = sourcecode.c.objc; path = LuaSyntaxHighligther.m; sourceTree = "<group>"; };
		A9135DFB1543949A00005D10 /* CoreText.framework */ = {isa = PBXFileReference; lastKnownFileType = wrapper.framework; name = CoreText.framework; path = System/Library/Frameworks/CoreText.framework; sourceTree = SDKROOT; };
/* End PBXFileReference section */

/* Begin PBXFrameworksBuildPhase section */
		A9135DCD1543914800005D10 /* Frameworks */ = {
			isa = PBXFrameworksBuildPhase;
			buildActionMask = 2147483647;
			files = (
				A9135DFC1543949A00005D10 /* CoreText.framework in Frameworks */,
				A9135DD51543914800005D10 /* UIKit.framework in Frameworks */,
				A9135DD71543914800005D10 /* Foundation.framework in Frameworks */,
				A9135DD91543914800005D10 /* CoreGraphics.framework in Frameworks */,
			);
			runOnlyForDeploymentPostprocessing = 0;
		};
/* End PBXFrameworksBuildPhase section */

/* Begin PBXGroup section */
		A9135DC51543914700005D10 = {
			isa = PBXGroup;
			children = (
				A9135DF11543916200005D10 /* AttributedTextView.h */,
				A9135DF21543916200005D10 /* AttributedTextView.m */,
				A9135DF31543916200005D10 /* HighlightingTextView.h */,
				A9135DF41543916200005D10 /* HighlightingTextView.m */,
				A9135DF51543916200005D10 /* SyntaxHighlighter.h */,
				A9135DDA1543914800005D10 /* SyntaxHighlightingDemo */,
				A9135DD31543914800005D10 /* Frameworks */,
				A9135DD11543914800005D10 /* Products */,
			);
			sourceTree = "<group>";
		};
		A9135DD11543914800005D10 /* Products */ = {
			isa = PBXGroup;
			children = (
				A9135DD01543914800005D10 /* SyntaxHighlightingDemo.app */,
			);
			name = Products;
			sourceTree = "<group>";
		};
		A9135DD31543914800005D10 /* Frameworks */ = {
			isa = PBXGroup;
			children = (
				A9135DFB1543949A00005D10 /* CoreText.framework */,
				A9135DD41543914800005D10 /* UIKit.framework */,
				A9135DD61543914800005D10 /* Foundation.framework */,
				A9135DD81543914800005D10 /* CoreGraphics.framework */,
			);
			name = Frameworks;
			sourceTree = "<group>";
		};
		A9135DDA1543914800005D10 /* SyntaxHighlightingDemo */ = {
			isa = PBXGroup;
			children = (
				A9135DE31543914800005D10 /* AppDelegate.h */,
				A9135DE41543914800005D10 /* AppDelegate.m */,
				A9135DE61543914800005D10 /* ViewController.h */,
				A9135DE71543914800005D10 /* ViewController.m */,
				A9135DE91543914800005D10 /* ViewController.xib */,
				A9135DF8154391F900005D10 /* LuaSyntaxHighligther.h */,
				A9135DF9154391F900005D10 /* LuaSyntaxHighligther.m */,
				A9135DDB1543914800005D10 /* Supporting Files */,
			);
			path = SyntaxHighlightingDemo;
			sourceTree = "<group>";
		};
		A9135DDB1543914800005D10 /* Supporting Files */ = {
			isa = PBXGroup;
			children = (
				A9135DDC1543914800005D10 /* SyntaxHighlightingDemo-Info.plist */,
				A9135DDD1543914800005D10 /* InfoPlist.strings */,
				A9135DE01543914800005D10 /* main.m */,
				A9135DE21543914800005D10 /* SyntaxHighlightingDemo-Prefix.pch */,
			);
			name = "Supporting Files";
			sourceTree = "<group>";
		};
/* End PBXGroup section */

/* Begin PBXNativeTarget section */
		A9135DCF1543914800005D10 /* SyntaxHighlightingDemo */ = {
			isa = PBXNativeTarget;
			buildConfigurationList = A9135DEE1543914800005D10 /* Build configuration list for PBXNativeTarget "SyntaxHighlightingDemo" */;
			buildPhases = (
				A9135DCC1543914800005D10 /* Sources */,
				A9135DCD1543914800005D10 /* Frameworks */,
				A9135DCE1543914800005D10 /* Resources */,
			);
			buildRules = (
			);
			dependencies = (
			);
			name = SyntaxHighlightingDemo;
			productName = SyntaxHighlightingDemo;
			productReference = A9135DD01543914800005D10 /* SyntaxHighlightingDemo.app */;
			productType = "com.apple.product-type.application";
		};
/* End PBXNativeTarget section */

/* Begin PBXProject section */
		A9135DC71543914700005D10 /* Project object */ = {
			isa = PBXProject;
			attributes = {
				LastUpgradeCheck = 0430;
				ORGANIZATIONNAME = "Reinvent, Inc.";
			};
			buildConfigurationList = A9135DCA1543914700005D10 /* Build configuration list for PBXProject "SyntaxHighlightingDemo" */;
			compatibilityVersion = "Xcode 3.2";
			developmentRegion = English;
			hasScannedForEncodings = 0;
			knownRegions = (
				en,
			);
			mainGroup = A9135DC51543914700005D10;
			productRefGroup = A9135DD11543914800005D10 /* Products */;
			projectDirPath = "";
			projectRoot = "";
			targets = (
				A9135DCF1543914800005D10 /* SyntaxHighlightingDemo */,
			);
		};
/* End PBXProject section */

/* Begin PBXResourcesBuildPhase section */
		A9135DCE1543914800005D10 /* Resources */ = {
			isa = PBXResourcesBuildPhase;
			buildActionMask = 2147483647;
			files = (
				A9135DDF1543914800005D10 /* InfoPlist.strings in Resources */,
				A9135DEB1543914800005D10 /* ViewController.xib in Resources */,
			);
			runOnlyForDeploymentPostprocessing = 0;
		};
/* End PBXResourcesBuildPhase section */

/* Begin PBXSourcesBuildPhase section */
		A9135DCC1543914800005D10 /* Sources */ = {
			isa = PBXSourcesBuildPhase;
			buildActionMask = 2147483647;
			files = (
				A9135DE11543914800005D10 /* main.m in Sources */,
				A9135DE51543914800005D10 /* AppDelegate.m in Sources */,
				A9135DE81543914800005D10 /* ViewController.m in Sources */,
				A9135DF61543916200005D10 /* AttributedTextView.m in Sources */,
				A9135DF71543916200005D10 /* HighlightingTextView.m in Sources */,
				A9135DFA154391F900005D10 /* LuaSyntaxHighligther.m in Sources */,
			);
			runOnlyForDeploymentPostprocessing = 0;
		};
/* End PBXSourcesBuildPhase section */

/* Begin PBXVariantGroup section */
		A9135DDD1543914800005D10 /* InfoPlist.strings */ = {
			isa = PBXVariantGroup;
			children = (
				A9135DDE1543914800005D10 /* en */,
			);
			name = InfoPlist.strings;
			sourceTree = "<group>";
		};
		A9135DE91543914800005D10 /* ViewController.xib */ = {
			isa = PBXVariantGroup;
			children = (
				A9135DEA1543914800005D10 /* en */,
			);
			name = ViewController.xib;
			sourceTree = "<group>";
		};
/* End PBXVariantGroup section */

/* Begin XCBuildConfiguration section */
		A9135DEC1543914800005D10 /* Debug */ = {
			isa = XCBuildConfiguration;
			buildSettings = {
				ALWAYS_SEARCH_USER_PATHS = NO;
				ARCHS = "$(ARCHS_STANDARD_32_BIT)";
				"CODE_SIGN_IDENTITY[sdk=iphoneos*]" = "iPhone Developer";
				COPY_PHASE_STRIP = NO;
				GCC_C_LANGUAGE_STANDARD = gnu99;
				GCC_DYNAMIC_NO_PIC = NO;
				GCC_OPTIMIZATION_LEVEL = 0;
				GCC_PREPROCESSOR_DEFINITIONS = (
					"DEBUG=1",
					"$(inherited)",
				);
				GCC_SYMBOLS_PRIVATE_EXTERN = NO;
				GCC_VERSION = com.apple.compilers.llvm.clang.1_0;
				GCC_WARN_ABOUT_RETURN_TYPE = YES;
				GCC_WARN_UNINITIALIZED_AUTOS = YES;
				GCC_WARN_UNUSED_VARIABLE = YES;
				IPHONEOS_DEPLOYMENT_TARGET = 5.1;
				SDKROOT = iphoneos;
				TARGETED_DEVICE_FAMILY = 2;
			};
			name = Debug;
		};
		A9135DED1543914800005D10 /* Release */ = {
			isa = XCBuildConfiguration;
			buildSettings = {
				ALWAYS_SEARCH_USER_PATHS = NO;
				ARCHS = "$(ARCHS_STANDARD_32_BIT)";
				"CODE_SIGN_IDENTITY[sdk=iphoneos*]" = "iPhone Developer";
				COPY_PHASE_STRIP = YES;
				GCC_C_LANGUAGE_STANDARD = gnu99;
				GCC_VERSION = com.apple.compilers.llvm.clang.1_0;
				GCC_WARN_ABOUT_RETURN_TYPE = YES;
				GCC_WARN_UNINITIALIZED_AUTOS = YES;
				GCC_WARN_UNUSED_VARIABLE = YES;
				IPHONEOS_DEPLOYMENT_TARGET = 5.1;
				OTHER_CFLAGS = "-DNS_BLOCK_ASSERTIONS=1";
				SDKROOT = iphoneos;
				TARGETED_DEVICE_FAMILY = 2;
				VALIDATE_PRODUCT = YES;
			};
			name = Release;
		};
		A9135DEF1543914800005D10 /* Debug */ = {
			isa = XCBuildConfiguration;
			buildSettings = {
				GCC_PRECOMPILE_PREFIX_HEADER = YES;
				GCC_PREFIX_HEADER = "SyntaxHighlightingDemo/SyntaxHighlightingDemo-Prefix.pch";
				INFOPLIST_FILE = "SyntaxHighlightingDemo/SyntaxHighlightingDemo-Info.plist";
				PRODUCT_NAME = "$(TARGET_NAME)";
				WRAPPER_EXTENSION = app;
			};
			name = Debug;
		};
		A9135DF01543914800005D10 /* Release */ = {
			isa = XCBuildConfiguration;
			buildSettings = {
				GCC_PRECOMPILE_PREFIX_HEADER = YES;
				GCC_PREFIX_HEADER = "SyntaxHighlightingDemo/SyntaxHighlightingDemo-Prefix.pch";
				INFOPLIST_FILE = "SyntaxHighlightingDemo/SyntaxHighlightingDemo-Info.plist";
				PRODUCT_NAME = "$(TARGET_NAME)";
				WRAPPER_EXTENSION = app;
			};
			name = Release;
		};
/* End XCBuildConfiguration section */

/* Begin XCConfigurationList section */
		A9135DCA1543914700005D10 /* Build configuration list for PBXProject "SyntaxHighlightingDemo" */ = {
			isa = XCConfigurationList;
			buildConfigurations = (
				A9135DEC1543914800005D10 /* Debug */,
				A9135DED1543914800005D10 /* Release */,
			);
			defaultConfigurationIsVisible = 0;
			defaultConfigurationName = Release;
		};
		A9135DEE1543914800005D10 /* Build configuration list for PBXNativeTarget "SyntaxHighlightingDemo" */ = {
			isa = XCConfigurationList;
			buildConfigurations = (
				A9135DEF1543914800005D10 /* Debug */,
				A9135DF01543914800005D10 /* Release */,
			);
			defaultConfigurationIsVisible = 0;
		};
/* End XCConfigurationList section */
	};
	rootObject = A9135DC71543914700005D10 /* Project object */;
}
